
Microsoft Visual Studio Solution File, Format Version 12.00
# Visual Studio Version 16
VisualStudioVersion = 16.0.31005.135
MinimumVisualStudioVersion = 10.0.40219.1
Project("{2150E333-8FDC-42A3-9474-1A3956D46DE8}") = "commands", "commands", "{2FF429C1-5C9E-4501-9610-2B13B92D4802}"
EndProject
Project("{2150E333-8FDC-42A3-9474-1A3956D46DE8}") = "projections", "projections", "{46AB1607-88F1-4A3B-B893-41447D9A0C9F}"
EndProject
Project("{2150E333-8FDC-42A3-9474-1A3956D46DE8}") = "queries", "queries", "{488943D2-F03B-4900-A222-EACA57DB2E50}"
EndProject
Project("{2150E333-8FDC-42A3-9474-1A3956D46DE8}") = "ui", "ui", "{6CA6A3FC-A4C4-4F7D-98E4-AAB341C69DE7}"
EndProject
Project("{2150E333-8FDC-42A3-9474-1A3956D46DE8}") = "infrastructure", "infrastructure", "{13D3F9A4-F8AA-4651-9047-5CD4938F67A7}"
EndProject
Project("{9A19103F-16F7-4668-BE54-9A1E7A4F7556}") = "Domain", "src\Domain\Domain.csproj", "{4D558043-02F4-425B-B6D1-8B5FFFCC1A06}"
EndProject
Project("{9A19103F-16F7-4668-BE54-9A1E7A4F7556}") = "Business", "src\Business\Business.csproj", "{4E2B408F-5C72-4592-B35E-32A8090A933F}"
EndProject
Project("{9A19103F-16F7-4668-BE54-9A1E7A4F7556}") = "DataAccess.Mongo", "src\DataAccess.Mongo\DataAccess.Mongo.csproj", "{B696DAF3-35CC-4BA0-81F1-40910568CD89}"
EndProject
Project("{9A19103F-16F7-4668-BE54-9A1E7A4F7556}") = "DataAccess.Elastic", "src\DataAccess.Elastic\DataAccess.Elastic.csproj", "{F3C31BD9-5A43-4A22-B6A8-D10F894806F7}"
EndProject
Project("{9A19103F-16F7-4668-BE54-9A1E7A4F7556}") = "Queries.Core", "src\Queries.Core\Queries.Core.csproj", "{16F914ED-8832-4D2B-BFB4-9733BD71BA88}"
EndProject
Project("{9A19103F-16F7-4668-BE54-9A1E7A4F7556}") = "EventBus.Kafka.Abstraction", "src\EventBus.Kafka.Abstraction\EventBus.Kafka.Abstraction.csproj", "{A31D6D5C-E6CD-4A8A-A474-3E793ACA7D20}"
EndProject
Project("{9A19103F-16F7-4668-BE54-9A1E7A4F7556}") = "Settings", "src\Settings\Settings.csproj", "{D0F8713F-A688-42DC-85BC-2BAE9CC507C7}"
EndProject
Project("{9A19103F-16F7-4668-BE54-9A1E7A4F7556}") = "Commands.Application", "src\Commands.Application\Commands.Application.csproj", "{220111DD-1C52-48A4-A11A-995CC4FD4F86}"
EndProject
Project("{9A19103F-16F7-4668-BE54-9A1E7A4F7556}") = "Queries.Application", "src\Queries.Application\Queries.Application.csproj", "{18B7BF52-5B53-48E1-A3E4-26870393741D}"
EndProject
Project("{2150E333-8FDC-42A3-9474-1A3956D46DE8}") = "_settings", "_settings", "{EA487379-91AE-44D0-B5F9-A2980550ADA4}"
EndProject
Project("{2150E333-8FDC-42A3-9474-1A3956D46DE8}") = "messages", "messages", "{5A5F28CB-4CE0-4CC1-A2C8-C443ED58433D}"
EndProject
Project("{9A19103F-16F7-4668-BE54-9A1E7A4F7556}") = "Messages", "src\Messages\Messages.csproj", "{3052F019-E27B-46FB-A191-2D1F63075847}"
EndProject
Project("{2150E333-8FDC-42A3-9474-1A3956D46DE8}") = "_loading", "_loading", "{8650C37D-F623-4A26-80C2-6B8F33B8D90E}"
EndProject
Project("{9A19103F-16F7-4668-BE54-9A1E7A4F7556}") = "LoadingConsole", "src\LoadingConsole\LoadingConsole.csproj", "{75FFB45D-B232-4E51-9012-39539CCB9D17}"
EndProject
Project("{9A19103F-16F7-4668-BE54-9A1E7A4F7556}") = "Commands.Api", "src\Commands.Api\Commands.Api\Commands.Api.csproj", "{897A676C-6FAD-472C-B3A2-59A21F18B9F8}"
EndProject
Project("{9A19103F-16F7-4668-BE54-9A1E7A4F7556}") = "Queries.Api", "src\Queries.Api\Queries.Api\Queries.Api.csproj", "{550EBF87-35CD-44D6-B958-4965904D9CE4}"
EndProject
Project("{E53339B2-1760-4266-BCC7-CA923CBCF16C}") = "docker-compose", "docker-compose.dcproj", "{63D8B5E3-89DF-40F3-9B1C-27DAA03C0ACB}"
EndProject
Project("{9A19103F-16F7-4668-BE54-9A1E7A4F7556}") = "SimpleViewProjector.Elastic", "src\Projector.Elastic\Projector.Elastic\SimpleViewProjector.Elastic.csproj", "{780A8CE3-5F07-44CE-9F7E-73B93B3400C9}"
EndProject
Project("{2150E333-8FDC-42A3-9474-1A3956D46DE8}") = "Solution Items", "Solution Items", "{12F6185C-7C41-4E46-A534-95CD3DA91CDE}"
	ProjectSection(SolutionItems) = preProject
		src\Commands.Api\Dockerfile = src\Commands.Api\Dockerfile
		howToMakeImage.txt = howToMakeImage.txt
	EndProjectSection
EndProject
Project("{2150E333-8FDC-42A3-9474-1A3956D46DE8}") = "commandsapi", "commandsapi", "{31708733-5EA5-4F9D-A19D-0D3226DD1FA2}"
	ProjectSection(SolutionItems) = preProject
		src\Commands.Api\Dockerfile = src\Commands.Api\Dockerfile
	EndProjectSection
EndProject
Project("{2150E333-8FDC-42A3-9474-1A3956D46DE8}") = "queriesapi", "queriesapi", "{B15D9A9F-246F-4FA9-9C6C-6B54EEE37CE6}"
	ProjectSection(SolutionItems) = preProject
		src\Queries.Api\Dockerfile = src\Queries.Api\Dockerfile
	EndProjectSection
EndProject
Project("{2150E333-8FDC-42A3-9474-1A3956D46DE8}") = "projectionelastic", "projectionelastic", "{EE8CDFCF-067D-4991-94E8-F052A2731C0C}"
	ProjectSection(SolutionItems) = preProject
		src\Projector.Elastic\Dockerfile = src\Projector.Elastic\Dockerfile
	EndProjectSection
EndProject
Project("{2150E333-8FDC-42A3-9474-1A3956D46DE8}") = "_kubernetes", "_kubernetes", "{521FD567-A739-4B13-89E9-29355A43B282}"
	ProjectSection(SolutionItems) = preProject
		src\Kubernetes\commandsapi-deployment.yml = src\Kubernetes\commandsapi-deployment.yml
		src\Kubernetes\kafka-deployment.yml = src\Kubernetes\kafka-deployment.yml
		src\Kubernetes\kafka-service.yml = src\Kubernetes\kafka-service.yml
		src\Kubernetes\projector-deployment.yml = src\Kubernetes\projector-deployment.yml
		src\Kubernetes\queriesapi-deployment.yml = src\Kubernetes\queriesapi-deployment.yml
		src\Kubernetes\zookeeper-deployment.yml = src\Kubernetes\zookeeper-deployment.yml
		src\Kubernetes\zookeeper-service.yml = src\Kubernetes\zookeeper-service.yml
	EndProjectSection
EndProject
Global
	GlobalSection(SolutionConfigurationPlatforms) = preSolution
		Debug|Any CPU = Debug|Any CPU
		Release|Any CPU = Release|Any CPU
	EndGlobalSection
	GlobalSection(ProjectConfigurationPlatforms) = postSolution
		{4D558043-02F4-425B-B6D1-8B5FFFCC1A06}.Debug|Any CPU.ActiveCfg = Debug|Any CPU
		{4D558043-02F4-425B-B6D1-8B5FFFCC1A06}.Debug|Any CPU.Build.0 = Debug|Any CPU
		{4D558043-02F4-425B-B6D1-8B5FFFCC1A06}.Release|Any CPU.ActiveCfg = Release|Any CPU
		{4D558043-02F4-425B-B6D1-8B5FFFCC1A06}.Release|Any CPU.Build.0 = Release|Any CPU
		{4E2B408F-5C72-4592-B35E-32A8090A933F}.Debug|Any CPU.ActiveCfg = Debug|Any CPU
		{4E2B408F-5C72-4592-B35E-32A8090A933F}.Debug|Any CPU.Build.0 = Debug|Any CPU
		{4E2B408F-5C72-4592-B35E-32A8090A933F}.Release|Any CPU.ActiveCfg = Release|Any CPU
		{4E2B408F-5C72-4592-B35E-32A8090A933F}.Release|Any CPU.Build.0 = Release|Any CPU
		{B696DAF3-35CC-4BA0-81F1-40910568CD89}.Debug|Any CPU.ActiveCfg = Debug|Any CPU
		{B696DAF3-35CC-4BA0-81F1-40910568CD89}.Debug|Any CPU.Build.0 = Debug|Any CPU
		{B696DAF3-35CC-4BA0-81F1-40910568CD89}.Release|Any CPU.ActiveCfg = Release|Any CPU
		{B696DAF3-35CC-4BA0-81F1-40910568CD89}.Release|Any CPU.Build.0 = Release|Any CPU
		{F3C31BD9-5A43-4A22-B6A8-D10F894806F7}.Debug|Any CPU.ActiveCfg = Debug|Any CPU
		{F3C31BD9-5A43-4A22-B6A8-D10F894806F7}.Debug|Any CPU.Build.0 = Debug|Any CPU
		{F3C31BD9-5A43-4A22-B6A8-D10F894806F7}.Release|Any CPU.ActiveCfg = Release|Any CPU
		{F3C31BD9-5A43-4A22-B6A8-D10F894806F7}.Release|Any CPU.Build.0 = Release|Any CPU
		{16F914ED-8832-4D2B-BFB4-9733BD71BA88}.Debug|Any CPU.ActiveCfg = Debug|Any CPU
		{16F914ED-8832-4D2B-BFB4-9733BD71BA88}.Debug|Any CPU.Build.0 = Debug|Any CPU
		{16F914ED-8832-4D2B-BFB4-9733BD71BA88}.Release|Any CPU.ActiveCfg = Release|Any CPU
		{16F914ED-8832-4D2B-BFB4-9733BD71BA88}.Release|Any CPU.Build.0 = Release|Any CPU
		{A31D6D5C-E6CD-4A8A-A474-3E793ACA7D20}.Debug|Any CPU.ActiveCfg = Debug|Any CPU
		{A31D6D5C-E6CD-4A8A-A474-3E793ACA7D20}.Debug|Any CPU.Build.0 = Debug|Any CPU
		{A31D6D5C-E6CD-4A8A-A474-3E793ACA7D20}.Release|Any CPU.ActiveCfg = Release|Any CPU
		{A31D6D5C-E6CD-4A8A-A474-3E793ACA7D20}.Release|Any CPU.Build.0 = Release|Any CPU
		{D0F8713F-A688-42DC-85BC-2BAE9CC507C7}.Debug|Any CPU.ActiveCfg = Debug|Any CPU
		{D0F8713F-A688-42DC-85BC-2BAE9CC507C7}.Debug|Any CPU.Build.0 = Debug|Any CPU
		{D0F8713F-A688-42DC-85BC-2BAE9CC507C7}.Release|Any CPU.ActiveCfg = Release|Any CPU
		{D0F8713F-A688-42DC-85BC-2BAE9CC507C7}.Release|Any CPU.Build.0 = Release|Any CPU
		{220111DD-1C52-48A4-A11A-995CC4FD4F86}.Debug|Any CPU.ActiveCfg = Debug|Any CPU
		{220111DD-1C52-48A4-A11A-995CC4FD4F86}.Debug|Any CPU.Build.0 = Debug|Any CPU
		{220111DD-1C52-48A4-A11A-995CC4FD4F86}.Release|Any CPU.ActiveCfg = Release|Any CPU
		{220111DD-1C52-48A4-A11A-995CC4FD4F86}.Release|Any CPU.Build.0 = Release|Any CPU
		{18B7BF52-5B53-48E1-A3E4-26870393741D}.Debug|Any CPU.ActiveCfg = Debug|Any CPU
		{18B7BF52-5B53-48E1-A3E4-26870393741D}.Debug|Any CPU.Build.0 = Debug|Any CPU
		{18B7BF52-5B53-48E1-A3E4-26870393741D}.Release|Any CPU.ActiveCfg = Release|Any CPU
		{18B7BF52-5B53-48E1-A3E4-26870393741D}.Release|Any CPU.Build.0 = Release|Any CPU
		{3052F019-E27B-46FB-A191-2D1F63075847}.Debug|Any CPU.ActiveCfg = Debug|Any CPU
		{3052F019-E27B-46FB-A191-2D1F63075847}.Debug|Any CPU.Build.0 = Debug|Any CPU
		{3052F019-E27B-46FB-A191-2D1F63075847}.Release|Any CPU.ActiveCfg = Release|Any CPU
		{3052F019-E27B-46FB-A191-2D1F63075847}.Release|Any CPU.Build.0 = Release|Any CPU
		{75FFB45D-B232-4E51-9012-39539CCB9D17}.Debug|Any CPU.ActiveCfg = Debug|Any CPU
		{75FFB45D-B232-4E51-9012-39539CCB9D17}.Debug|Any CPU.Build.0 = Debug|Any CPU
		{75FFB45D-B232-4E51-9012-39539CCB9D17}.Release|Any CPU.ActiveCfg = Release|Any CPU
		{75FFB45D-B232-4E51-9012-39539CCB9D17}.Release|Any CPU.Build.0 = Release|Any CPU
		{897A676C-6FAD-472C-B3A2-59A21F18B9F8}.Debug|Any CPU.ActiveCfg = Debug|Any CPU
		{897A676C-6FAD-472C-B3A2-59A21F18B9F8}.Debug|Any CPU.Build.0 = Debug|Any CPU
		{897A676C-6FAD-472C-B3A2-59A21F18B9F8}.Release|Any CPU.ActiveCfg = Release|Any CPU
		{897A676C-6FAD-472C-B3A2-59A21F18B9F8}.Release|Any CPU.Build.0 = Release|Any CPU
		{550EBF87-35CD-44D6-B958-4965904D9CE4}.Debug|Any CPU.ActiveCfg = Debug|Any CPU
		{550EBF87-35CD-44D6-B958-4965904D9CE4}.Debug|Any CPU.Build.0 = Debug|Any CPU
		{550EBF87-35CD-44D6-B958-4965904D9CE4}.Release|Any CPU.ActiveCfg = Release|Any CPU
		{550EBF87-35CD-44D6-B958-4965904D9CE4}.Release|Any CPU.Build.0 = Release|Any CPU
		{63D8B5E3-89DF-40F3-9B1C-27DAA03C0ACB}.Debug|Any CPU.ActiveCfg = Debug|Any CPU
		{63D8B5E3-89DF-40F3-9B1C-27DAA03C0ACB}.Debug|Any CPU.Build.0 = Debug|Any CPU
		{63D8B5E3-89DF-40F3-9B1C-27DAA03C0ACB}.Release|Any CPU.ActiveCfg = Release|Any CPU
		{63D8B5E3-89DF-40F3-9B1C-27DAA03C0ACB}.Release|Any CPU.Build.0 = Release|Any CPU
		{780A8CE3-5F07-44CE-9F7E-73B93B3400C9}.Debug|Any CPU.ActiveCfg = Debug|Any CPU
		{780A8CE3-5F07-44CE-9F7E-73B93B3400C9}.Debug|Any CPU.Build.0 = Debug|Any CPU
		{780A8CE3-5F07-44CE-9F7E-73B93B3400C9}.Release|Any CPU.ActiveCfg = Release|Any CPU
		{780A8CE3-5F07-44CE-9F7E-73B93B3400C9}.Release|Any CPU.Build.0 = Release|Any CPU
	EndGlobalSection
	GlobalSection(SolutionProperties) = preSolution
		HideSolutionNode = FALSE
	EndGlobalSection
	GlobalSection(NestedProjects) = preSolution
		{4D558043-02F4-425B-B6D1-8B5FFFCC1A06} = {2FF429C1-5C9E-4501-9610-2B13B92D4802}
		{4E2B408F-5C72-4592-B35E-32A8090A933F} = {2FF429C1-5C9E-4501-9610-2B13B92D4802}
		{B696DAF3-35CC-4BA0-81F1-40910568CD89} = {2FF429C1-5C9E-4501-9610-2B13B92D4802}
		{F3C31BD9-5A43-4A22-B6A8-D10F894806F7} = {488943D2-F03B-4900-A222-EACA57DB2E50}
		{16F914ED-8832-4D2B-BFB4-9733BD71BA88} = {488943D2-F03B-4900-A222-EACA57DB2E50}
		{A31D6D5C-E6CD-4A8A-A474-3E793ACA7D20} = {13D3F9A4-F8AA-4651-9047-5CD4938F67A7}
		{D0F8713F-A688-42DC-85BC-2BAE9CC507C7} = {EA487379-91AE-44D0-B5F9-A2980550ADA4}
		{220111DD-1C52-48A4-A11A-995CC4FD4F86} = {2FF429C1-5C9E-4501-9610-2B13B92D4802}
		{18B7BF52-5B53-48E1-A3E4-26870393741D} = {488943D2-F03B-4900-A222-EACA57DB2E50}
		{3052F019-E27B-46FB-A191-2D1F63075847} = {5A5F28CB-4CE0-4CC1-A2C8-C443ED58433D}
		{75FFB45D-B232-4E51-9012-39539CCB9D17} = {8650C37D-F623-4A26-80C2-6B8F33B8D90E}
		{897A676C-6FAD-472C-B3A2-59A21F18B9F8} = {2FF429C1-5C9E-4501-9610-2B13B92D4802}
		{550EBF87-35CD-44D6-B958-4965904D9CE4} = {488943D2-F03B-4900-A222-EACA57DB2E50}
		{780A8CE3-5F07-44CE-9F7E-73B93B3400C9} = {46AB1607-88F1-4A3B-B893-41447D9A0C9F}
		{31708733-5EA5-4F9D-A19D-0D3226DD1FA2} = {12F6185C-7C41-4E46-A534-95CD3DA91CDE}
		{B15D9A9F-246F-4FA9-9C6C-6B54EEE37CE6} = {12F6185C-7C41-4E46-A534-95CD3DA91CDE}
		{EE8CDFCF-067D-4991-94E8-F052A2731C0C} = {12F6185C-7C41-4E46-A534-95CD3DA91CDE}
	EndGlobalSection
	GlobalSection(ExtensibilityGlobals) = postSolution
		SolutionGuid = {314451F0-5A9C-4C97-81A5-A86D56F62BA9}
	EndGlobalSection
EndGlobal
