
Microsoft Visual Studio Solution File, Format Version 12.00
# Visual Studio Version 16
VisualStudioVersion = 16.0.31005.135
MinimumVisualStudioVersion = 10.0.40219.1
Project("{2150E333-8FDC-42A3-9474-1A3956D46DE8}") = "commands", "commands", "{2FF429C1-5C9E-4501-9610-2B13B92D4802}"
EndProject
Project("{2150E333-8FDC-42A3-9474-1A3956D46DE8}") = "projections", "projections", "{46AB1607-88F1-4A3B-B893-41447D9A0C9F}"
EndProject
Project("{2150E333-8FDC-42A3-9474-1A3956D46DE8}") = "queries", "queries", "{488943D2-F03B-4900-A222-EACA57DB2E50}"
EndProject
Project("{2150E333-8FDC-42A3-9474-1A3956D46DE8}") = "ui", "ui", "{6CA6A3FC-A4C4-4F7D-98E4-AAB341C69DE7}"
EndProject
Project("{2150E333-8FDC-42A3-9474-1A3956D46DE8}") = "infrastructure", "infrastructure", "{13D3F9A4-F8AA-4651-9047-5CD4938F67A7}"
EndProject
Project("{9A19103F-16F7-4668-BE54-9A1E7A4F7556}") = "Domain", "src\Domain\Domain.csproj", "{4D558043-02F4-425B-B6D1-8B5FFFCC1A06}"
EndProject
Project("{9A19103F-16F7-4668-BE54-9A1E7A4F7556}") = "Business", "src\Business\Business.csproj", "{4E2B408F-5C72-4592-B35E-32A8090A933F}"
EndProject
Project("{9A19103F-16F7-4668-BE54-9A1E7A4F7556}") = "EventBus.Kafka", "src\EventBus.Kafka\EventBus.Kafka.csproj", "{16D68BA5-A577-4693-B5F9-6EE084971AD6}"
EndProject
Project("{9A19103F-16F7-4668-BE54-9A1E7A4F7556}") = "DataAccess.Mongo", "src\DataAccess.Mongo\DataAccess.Mongo.csproj", "{B696DAF3-35CC-4BA0-81F1-40910568CD89}"
EndProject
Project("{9A19103F-16F7-4668-BE54-9A1E7A4F7556}") = "DataAccess.Elastic", "src\DataAccess.Elastic\DataAccess.Elastic.csproj", "{F3C31BD9-5A43-4A22-B6A8-D10F894806F7}"
EndProject
Project("{9A19103F-16F7-4668-BE54-9A1E7A4F7556}") = "SimpleViewProjector.Elastic", "src\Projector.Elastic\SimpleViewProjector.Elastic.csproj", "{69C60FCF-9FCB-4777-93A3-052251A867E0}"
EndProject
Project("{9A19103F-16F7-4668-BE54-9A1E7A4F7556}") = "Queries.Core", "src\Queries.Core\Queries.Core.csproj", "{16F914ED-8832-4D2B-BFB4-9733BD71BA88}"
EndProject
Project("{9A19103F-16F7-4668-BE54-9A1E7A4F7556}") = "EventBus.Kafka.Abstraction", "src\EventBus.Kafka.Abstraction\EventBus.Kafka.Abstraction.csproj", "{A31D6D5C-E6CD-4A8A-A474-3E793ACA7D20}"
EndProject
Project("{9A19103F-16F7-4668-BE54-9A1E7A4F7556}") = "Settings", "src\Settings\Settings.csproj", "{D0F8713F-A688-42DC-85BC-2BAE9CC507C7}"
EndProject
Project("{9A19103F-16F7-4668-BE54-9A1E7A4F7556}") = "Commands.Application", "src\Commands.Application\Commands.Application.csproj", "{220111DD-1C52-48A4-A11A-995CC4FD4F86}"
EndProject
Project("{9A19103F-16F7-4668-BE54-9A1E7A4F7556}") = "Queries.Application", "src\Queries.Application\Queries.Application.csproj", "{18B7BF52-5B53-48E1-A3E4-26870393741D}"
EndProject
Project("{9A19103F-16F7-4668-BE54-9A1E7A4F7556}") = "Queries.Api", "src\Queries.Api\Queries.Api.csproj", "{A3C5448B-BECE-470C-8D9C-B452A4766C6E}"
EndProject
Project("{9A19103F-16F7-4668-BE54-9A1E7A4F7556}") = "Commands.Api", "src\Commands.Api\Commands.Api.csproj", "{B673FB0D-9B9C-4740-88E9-FD1CC249B5A6}"
EndProject
Project("{2150E333-8FDC-42A3-9474-1A3956D46DE8}") = "_settings", "_settings", "{EA487379-91AE-44D0-B5F9-A2980550ADA4}"
EndProject
Project("{E53339B2-1760-4266-BCC7-CA923CBCF16C}") = "docker-compose", "docker-compose.dcproj", "{31466D5F-CC02-41F7-BE98-803EB3391DB6}"
EndProject
Project("{2150E333-8FDC-42A3-9474-1A3956D46DE8}") = "messages", "messages", "{5A5F28CB-4CE0-4CC1-A2C8-C443ED58433D}"
EndProject
Project("{9A19103F-16F7-4668-BE54-9A1E7A4F7556}") = "Messages", "src\Messages\Messages.csproj", "{3052F019-E27B-46FB-A191-2D1F63075847}"
EndProject
Project("{2150E333-8FDC-42A3-9474-1A3956D46DE8}") = "_loading", "_loading", "{8650C37D-F623-4A26-80C2-6B8F33B8D90E}"
EndProject
Global
	GlobalSection(SolutionConfigurationPlatforms) = preSolution
		Debug|Any CPU = Debug|Any CPU
		Release|Any CPU = Release|Any CPU
	EndGlobalSection
	GlobalSection(ProjectConfigurationPlatforms) = postSolution
		{4D558043-02F4-425B-B6D1-8B5FFFCC1A06}.Debug|Any CPU.ActiveCfg = Debug|Any CPU
		{4D558043-02F4-425B-B6D1-8B5FFFCC1A06}.Debug|Any CPU.Build.0 = Debug|Any CPU
		{4D558043-02F4-425B-B6D1-8B5FFFCC1A06}.Release|Any CPU.ActiveCfg = Release|Any CPU
		{4D558043-02F4-425B-B6D1-8B5FFFCC1A06}.Release|Any CPU.Build.0 = Release|Any CPU
		{4E2B408F-5C72-4592-B35E-32A8090A933F}.Debug|Any CPU.ActiveCfg = Debug|Any CPU
		{4E2B408F-5C72-4592-B35E-32A8090A933F}.Debug|Any CPU.Build.0 = Debug|Any CPU
		{4E2B408F-5C72-4592-B35E-32A8090A933F}.Release|Any CPU.ActiveCfg = Release|Any CPU
		{4E2B408F-5C72-4592-B35E-32A8090A933F}.Release|Any CPU.Build.0 = Release|Any CPU
		{16D68BA5-A577-4693-B5F9-6EE084971AD6}.Debug|Any CPU.ActiveCfg = Debug|Any CPU
		{16D68BA5-A577-4693-B5F9-6EE084971AD6}.Debug|Any CPU.Build.0 = Debug|Any CPU
		{16D68BA5-A577-4693-B5F9-6EE084971AD6}.Release|Any CPU.ActiveCfg = Release|Any CPU
		{16D68BA5-A577-4693-B5F9-6EE084971AD6}.Release|Any CPU.Build.0 = Release|Any CPU
		{B696DAF3-35CC-4BA0-81F1-40910568CD89}.Debug|Any CPU.ActiveCfg = Debug|Any CPU
		{B696DAF3-35CC-4BA0-81F1-40910568CD89}.Debug|Any CPU.Build.0 = Debug|Any CPU
		{B696DAF3-35CC-4BA0-81F1-40910568CD89}.Release|Any CPU.ActiveCfg = Release|Any CPU
		{B696DAF3-35CC-4BA0-81F1-40910568CD89}.Release|Any CPU.Build.0 = Release|Any CPU
		{F3C31BD9-5A43-4A22-B6A8-D10F894806F7}.Debug|Any CPU.ActiveCfg = Debug|Any CPU
		{F3C31BD9-5A43-4A22-B6A8-D10F894806F7}.Debug|Any CPU.Build.0 = Debug|Any CPU
		{F3C31BD9-5A43-4A22-B6A8-D10F894806F7}.Release|Any CPU.ActiveCfg = Release|Any CPU
		{F3C31BD9-5A43-4A22-B6A8-D10F894806F7}.Release|Any CPU.Build.0 = Release|Any CPU
		{69C60FCF-9FCB-4777-93A3-052251A867E0}.Debug|Any CPU.ActiveCfg = Debug|Any CPU
		{69C60FCF-9FCB-4777-93A3-052251A867E0}.Debug|Any CPU.Build.0 = Debug|Any CPU
		{69C60FCF-9FCB-4777-93A3-052251A867E0}.Release|Any CPU.ActiveCfg = Release|Any CPU
		{69C60FCF-9FCB-4777-93A3-052251A867E0}.Release|Any CPU.Build.0 = Release|Any CPU
		{16F914ED-8832-4D2B-BFB4-9733BD71BA88}.Debug|Any CPU.ActiveCfg = Debug|Any CPU
		{16F914ED-8832-4D2B-BFB4-9733BD71BA88}.Debug|Any CPU.Build.0 = Debug|Any CPU
		{16F914ED-8832-4D2B-BFB4-9733BD71BA88}.Release|Any CPU.ActiveCfg = Release|Any CPU
		{16F914ED-8832-4D2B-BFB4-9733BD71BA88}.Release|Any CPU.Build.0 = Release|Any CPU
		{A31D6D5C-E6CD-4A8A-A474-3E793ACA7D20}.Debug|Any CPU.ActiveCfg = Debug|Any CPU
		{A31D6D5C-E6CD-4A8A-A474-3E793ACA7D20}.Debug|Any CPU.Build.0 = Debug|Any CPU
		{A31D6D5C-E6CD-4A8A-A474-3E793ACA7D20}.Release|Any CPU.ActiveCfg = Release|Any CPU
		{A31D6D5C-E6CD-4A8A-A474-3E793ACA7D20}.Release|Any CPU.Build.0 = Release|Any CPU
		{D0F8713F-A688-42DC-85BC-2BAE9CC507C7}.Debug|Any CPU.ActiveCfg = Debug|Any CPU
		{D0F8713F-A688-42DC-85BC-2BAE9CC507C7}.Debug|Any CPU.Build.0 = Debug|Any CPU
		{D0F8713F-A688-42DC-85BC-2BAE9CC507C7}.Release|Any CPU.ActiveCfg = Release|Any CPU
		{D0F8713F-A688-42DC-85BC-2BAE9CC507C7}.Release|Any CPU.Build.0 = Release|Any CPU
		{220111DD-1C52-48A4-A11A-995CC4FD4F86}.Debug|Any CPU.ActiveCfg = Debug|Any CPU
		{220111DD-1C52-48A4-A11A-995CC4FD4F86}.Debug|Any CPU.Build.0 = Debug|Any CPU
		{220111DD-1C52-48A4-A11A-995CC4FD4F86}.Release|Any CPU.ActiveCfg = Release|Any CPU
		{220111DD-1C52-48A4-A11A-995CC4FD4F86}.Release|Any CPU.Build.0 = Release|Any CPU
		{18B7BF52-5B53-48E1-A3E4-26870393741D}.Debug|Any CPU.ActiveCfg = Debug|Any CPU
		{18B7BF52-5B53-48E1-A3E4-26870393741D}.Debug|Any CPU.Build.0 = Debug|Any CPU
		{18B7BF52-5B53-48E1-A3E4-26870393741D}.Release|Any CPU.ActiveCfg = Release|Any CPU
		{18B7BF52-5B53-48E1-A3E4-26870393741D}.Release|Any CPU.Build.0 = Release|Any CPU
		{A3C5448B-BECE-470C-8D9C-B452A4766C6E}.Debug|Any CPU.ActiveCfg = Debug|Any CPU
		{A3C5448B-BECE-470C-8D9C-B452A4766C6E}.Debug|Any CPU.Build.0 = Debug|Any CPU
		{A3C5448B-BECE-470C-8D9C-B452A4766C6E}.Release|Any CPU.ActiveCfg = Release|Any CPU
		{A3C5448B-BECE-470C-8D9C-B452A4766C6E}.Release|Any CPU.Build.0 = Release|Any CPU
		{B673FB0D-9B9C-4740-88E9-FD1CC249B5A6}.Debug|Any CPU.ActiveCfg = Debug|Any CPU
		{B673FB0D-9B9C-4740-88E9-FD1CC249B5A6}.Debug|Any CPU.Build.0 = Debug|Any CPU
		{B673FB0D-9B9C-4740-88E9-FD1CC249B5A6}.Release|Any CPU.ActiveCfg = Release|Any CPU
		{B673FB0D-9B9C-4740-88E9-FD1CC249B5A6}.Release|Any CPU.Build.0 = Release|Any CPU
		{31466D5F-CC02-41F7-BE98-803EB3391DB6}.Debug|Any CPU.ActiveCfg = Debug|Any CPU
		{31466D5F-CC02-41F7-BE98-803EB3391DB6}.Debug|Any CPU.Build.0 = Debug|Any CPU
		{31466D5F-CC02-41F7-BE98-803EB3391DB6}.Release|Any CPU.ActiveCfg = Release|Any CPU
		{31466D5F-CC02-41F7-BE98-803EB3391DB6}.Release|Any CPU.Build.0 = Release|Any CPU
		{3052F019-E27B-46FB-A191-2D1F63075847}.Debug|Any CPU.ActiveCfg = Debug|Any CPU
		{3052F019-E27B-46FB-A191-2D1F63075847}.Debug|Any CPU.Build.0 = Debug|Any CPU
		{3052F019-E27B-46FB-A191-2D1F63075847}.Release|Any CPU.ActiveCfg = Release|Any CPU
		{3052F019-E27B-46FB-A191-2D1F63075847}.Release|Any CPU.Build.0 = Release|Any CPU
	EndGlobalSection
	GlobalSection(SolutionProperties) = preSolution
		HideSolutionNode = FALSE
	EndGlobalSection
	GlobalSection(NestedProjects) = preSolution
		{4D558043-02F4-425B-B6D1-8B5FFFCC1A06} = {2FF429C1-5C9E-4501-9610-2B13B92D4802}
		{4E2B408F-5C72-4592-B35E-32A8090A933F} = {2FF429C1-5C9E-4501-9610-2B13B92D4802}
		{16D68BA5-A577-4693-B5F9-6EE084971AD6} = {13D3F9A4-F8AA-4651-9047-5CD4938F67A7}
		{B696DAF3-35CC-4BA0-81F1-40910568CD89} = {2FF429C1-5C9E-4501-9610-2B13B92D4802}
		{F3C31BD9-5A43-4A22-B6A8-D10F894806F7} = {488943D2-F03B-4900-A222-EACA57DB2E50}
		{69C60FCF-9FCB-4777-93A3-052251A867E0} = {46AB1607-88F1-4A3B-B893-41447D9A0C9F}
		{16F914ED-8832-4D2B-BFB4-9733BD71BA88} = {488943D2-F03B-4900-A222-EACA57DB2E50}
		{A31D6D5C-E6CD-4A8A-A474-3E793ACA7D20} = {13D3F9A4-F8AA-4651-9047-5CD4938F67A7}
		{D0F8713F-A688-42DC-85BC-2BAE9CC507C7} = {EA487379-91AE-44D0-B5F9-A2980550ADA4}
		{220111DD-1C52-48A4-A11A-995CC4FD4F86} = {2FF429C1-5C9E-4501-9610-2B13B92D4802}
		{18B7BF52-5B53-48E1-A3E4-26870393741D} = {488943D2-F03B-4900-A222-EACA57DB2E50}
		{A3C5448B-BECE-470C-8D9C-B452A4766C6E} = {488943D2-F03B-4900-A222-EACA57DB2E50}
		{B673FB0D-9B9C-4740-88E9-FD1CC249B5A6} = {2FF429C1-5C9E-4501-9610-2B13B92D4802}
		{3052F019-E27B-46FB-A191-2D1F63075847} = {5A5F28CB-4CE0-4CC1-A2C8-C443ED58433D}
	EndGlobalSection
	GlobalSection(ExtensibilityGlobals) = postSolution
		SolutionGuid = {314451F0-5A9C-4C97-81A5-A86D56F62BA9}
	EndGlobalSection
EndGlobal
